{
  "name": "Home-Town",
  "lockfileVersion": 2,
  "requires": true,
  "packages": {
    "": {
      "dependencies": {
        "timekit-booking": "^3.0.19"
      }
    },
    "node_modules/@fontsource/open-sans": {
      "version": "4.5.13",
      "resolved": "https://registry.npmjs.org/@fontsource/open-sans/-/open-sans-4.5.13.tgz",
      "integrity": "sha512-/UzqP7ZFk145XAq8KG4pvFPP7UQhtreDGXgqXZjagCDreKxcrhwn/x7DYz9rPcycWkLUVApIybcoczGZiM0cRg=="
    },
    "node_modules/@fullcalendar/common": {
      "version": "5.11.3",
      "resolved": "https://registry.npmjs.org/@fullcalendar/common/-/common-5.11.3.tgz",
      "integrity": "sha512-welVwyfQOXQQGfDwBMSfYEPbiO1cPfUD+C7jd3ZoweJR+dSO11ddFugxIQ7dGfABAGZ63oq/+LW9FsmAJezVNg==",
      "dependencies": {
        "tslib": "^2.1.0"
      }
    },
    "node_modules/@fullcalendar/core": {
      "version": "5.11.3",
      "resolved": "https://registry.npmjs.org/@fullcalendar/core/-/core-5.11.3.tgz",
      "integrity": "sha512-YUFxCvVJytUwFeXCx4J17kFMM7Ixwn9zBjVRw5NM2bMwgR6VAhSnlZc6yNQSOIy7Hj2TF0vDkO/4JNlTvxyAXw==",
      "dependencies": {
        "@fullcalendar/common": "~5.11.3",
        "preact": "^10.0.5",
        "tslib": "^2.1.0"
      }
    },
    "node_modules/@fullcalendar/daygrid": {
      "version": "5.11.3",
      "resolved": "https://registry.npmjs.org/@fullcalendar/daygrid/-/daygrid-5.11.3.tgz",
      "integrity": "sha512-PCK0y80DRNCzWuC5lGpIWqCgKDvql1ah7rXql5lu+Gn2EeFj15ZQ8diMFjtNIQucEmFaNOXnR05Pgcry1n6Shg==",
      "dependencies": {
        "@fullcalendar/common": "~5.11.3",
        "tslib": "^2.1.0"
      }
    },
    "node_modules/@fullcalendar/interaction": {
      "version": "5.11.3",
      "resolved": "https://registry.npmjs.org/@fullcalendar/interaction/-/interaction-5.11.3.tgz",
      "integrity": "sha512-L955wkDjza62K96ndstvYs2Fd4V0kayTDpqW8W7huFG3Ox8MutpLqKAa2SCaTvcNIlWS4oexGQRiQAaJG7u47A==",
      "dependencies": {
        "@fullcalendar/common": "~5.11.3",
        "tslib": "^2.1.0"
      }
    },
    "node_modules/@fullcalendar/list": {
      "version": "5.11.3",
      "resolved": "https://registry.npmjs.org/@fullcalendar/list/-/list-5.11.3.tgz",
      "integrity": "sha512-6m9rJPzB5XfJZg+MlgVpha1cI3NUDeyV3GOmojJWZuti05NfDP4f0lzFUul8W7m1DQcjGS2UPRNE8HouA3guEA==",
      "dependencies": {
        "@fullcalendar/common": "~5.11.3",
        "tslib": "^2.1.0"
      }
    },
    "node_modules/@fullcalendar/moment": {
      "version": "5.11.3",
      "resolved": "https://registry.npmjs.org/@fullcalendar/moment/-/moment-5.11.3.tgz",
      "integrity": "sha512-XYvqG/TbO4zUv0vZtqD5oynwH+j9a6ALH6aL6DQ24pi5fYfJyK+DBknjHiXZcCx00McHzfmad2+7jgb1Zf5QUg==",
      "dependencies": {
        "@fullcalendar/common": "~5.11.3",
        "tslib": "^2.1.0"
      },
      "peerDependencies": {
        "moment": "^2.29.1"
      }
    },
    "node_modules/@fullcalendar/timegrid": {
      "version": "5.11.3",
      "resolved": "https://registry.npmjs.org/@fullcalendar/timegrid/-/timegrid-5.11.3.tgz",
      "integrity": "sha512-SjIj2ZQ7nTyL1RxZkCPvNbuUQ0xHT+gfYJdUL3FT4bPjPJCxWtQ2CL8hxaeNmVozYYuy0yrGTW5Oup2+9IplbA==",
      "dependencies": {
        "@fullcalendar/common": "~5.11.3",
        "@fullcalendar/daygrid": "~5.11.3",
        "tslib": "^2.1.0"
      }
    },
    "node_modules/axios": {
      "version": "0.21.1",
      "resolved": "https://registry.npmjs.org/axios/-/axios-0.21.1.tgz",
      "integrity": "sha512-dKQiRHxGD9PPRIUNIWvZhPTPpl1rf/OxTYKsqKUDjBwYylTvV7SjSHJb9ratfyzM6wCdLCOYLzs73qpg5c4iGA==",
      "dependencies": {
        "follow-redirects": "^1.10.0"
      }
    },
    "node_modules/base-64": {
      "version": "1.0.0",
      "resolved": "https://registry.npmjs.org/base-64/-/base-64-1.0.0.tgz",
      "integrity": "sha512-kwDPIFCGx0NZHog36dj+tHiwP4QMzsZ3AgMViUBKI0+V5n4U0ufTCUMhnQ04diaRI8EX/QcPfql7zlhZ7j4zgg=="
    },
    "node_modules/big.js": {
      "version": "5.2.2",
      "resolved": "https://registry.npmjs.org/big.js/-/big.js-5.2.2.tgz",
      "integrity": "sha512-vyL2OymJxmarO8gxMr0mhChsO9QGwhynfuu4+MHTAW6czfq9humCB7rKpUjDd9YUiDPU4mzpyupFSvOClAwbmQ==",
      "engines": {
        "node": "*"
      }
    },
    "node_modules/deepmerge": {
      "version": "4.2.2",
      "resolved": "https://registry.npmjs.org/deepmerge/-/deepmerge-4.2.2.tgz",
      "integrity": "sha512-FJ3UgI4gIl+PHZm53knsuSFpE+nESMr7M4v9QcgB7S63Kj/6WqMiFQJpBBYz1Pt+66bZpP3Q7Lye0Oo9MPKEdg==",
      "engines": {
        "node": ">=0.10.0"
      }
    },
    "node_modules/emojis-list": {
      "version": "3.0.0",
      "resolved": "https://registry.npmjs.org/emojis-list/-/emojis-list-3.0.0.tgz",
      "integrity": "sha512-/kyM18EfinwXZbno9FyUGeFh87KC8HRQBQGildHZbEuRyWFOmv1U10o9BBp8XVZDVNNuQKyIGIu5ZYAAXJ0V2Q==",
      "engines": {
        "node": ">= 4"
      }
    },
    "node_modules/es6-promise": {
      "version": "3.3.1",
      "resolved": "https://registry.npmjs.org/es6-promise/-/es6-promise-3.3.1.tgz",
      "integrity": "sha512-SOp9Phqvqn7jtEUxPWdWfWoLmyt2VaJ6MpvP9Comy1MceMXqE6bxvaTu4iaxpYYPzhny28Lc+M87/c2cPK6lDg=="
    },
    "node_modules/es6-promise-promise": {
      "version": "1.0.0",
      "resolved": "https://registry.npmjs.org/es6-promise-promise/-/es6-promise-promise-1.0.0.tgz",
      "integrity": "sha512-+Y7JJ8d0QIvQyLLmCULjUGPTg1CctpyEIMtGS+AE/xx9Rr0iqJi3heJYYRSucwOp7ngAAOi/GMKakAIAP79qRQ==",
      "dependencies": {
        "es6-promise": "^3.2.1"
      }
    },
    "node_modules/follow-redirects": {
      "version": "1.15.2",
      "resolved": "https://registry.npmjs.org/follow-redirects/-/follow-redirects-1.15.2.tgz",
      "integrity": "sha512-VQLG33o04KaQ8uYi2tVNbdrWp1QWxNNea+nmIB4EVM28v0hmP17z7aG1+wAkNzVq4KeXTq3221ye5qTJP91JwA==",
      "funding": [
        {
          "type": "individual",
          "url": "https://github.com/sponsors/RubenVerborgh"
        }
      ],
      "engines": {
        "node": ">=4.0"
      },
      "peerDependenciesMeta": {
        "debug": {
          "optional": true
        }
      }
    },
    "node_modules/humps": {
      "version": "2.0.1",
      "resolved": "https://registry.npmjs.org/humps/-/humps-2.0.1.tgz",
      "integrity": "sha512-E0eIbrFWUhwfXJmsbdjRQFQPrl5pTEoKlz163j1mTqqUnU9PgR4AgB8AIITzuB3vLBdxZXyZ9TDIrwB2OASz4g=="
    },
    "node_modules/json-stringify-safe": {
      "version": "5.0.1",
      "resolved": "https://registry.npmjs.org/json-stringify-safe/-/json-stringify-safe-5.0.1.tgz",
      "integrity": "sha512-ZClg6AaYvamvYEE82d3Iyd3vSSIjQ+odgjaTzRuO3s7toCdFKczob2i0zCh7JE8kWn17yvAWhUVxvqGwUalsRA=="
    },
    "node_modules/json5": {
      "version": "1.0.1",
      "resolved": "https://registry.npmjs.org/json5/-/json5-1.0.1.tgz",
      "integrity": "sha512-aKS4WQjPenRxiQsC93MNfjx+nbF4PAdYzmd/1JIj8HYzqfbu86beTuNgXDzPknWk0n0uARlyewZo4s++ES36Ow==",
      "dependencies": {
        "minimist": "^1.2.0"
      },
      "bin": {
        "json5": "lib/cli.js"
      }
    },
    "node_modules/loader-utils": {
      "version": "1.4.1",
      "resolved": "https://registry.npmjs.org/loader-utils/-/loader-utils-1.4.1.tgz",
      "integrity": "sha512-1Qo97Y2oKaU+Ro2xnDMR26g1BwMT29jNbem1EvcujW2jqt+j5COXyscjM7bLQkM9HaxI7pkWeW7gnI072yMI9Q==",
      "dependencies": {
        "big.js": "^5.2.2",
        "emojis-list": "^3.0.0",
        "json5": "^1.0.1"
      },
      "engines": {
        "node": ">=4.0.0"
      }
    },
    "node_modules/lodash": {
      "version": "4.17.21",
      "resolved": "https://registry.npmjs.org/lodash/-/lodash-4.17.21.tgz",
      "integrity": "sha512-v2kDEe57lecTulaDIuNTPy3Ry4gLGJ6Z1O3vE1krgXZNrsQ+LFTGHVxVjcXPs17LhbZVGedAJv8XZ1tvj5FvSg=="
    },
    "node_modules/minimist": {
      "version": "1.2.7",
      "resolved": "https://registry.npmjs.org/minimist/-/minimist-1.2.7.tgz",
      "integrity": "sha512-bzfL1YUZsP41gmu/qjrEk0Q6i2ix/cVeAhbCbqH9u3zYutS1cLg00qhrD0M2MVdCcx4Sc0UpP2eBWo9rotpq6g==",
      "funding": {
        "url": "https://github.com/sponsors/ljharb"
      }
    },
    "node_modules/moment": {
      "version": "2.29.4",
      "resolved": "https://registry.npmjs.org/moment/-/moment-2.29.4.tgz",
      "integrity": "sha512-5LC9SOxjSc2HF6vO2CyuTDNivEdoz2IvyJJGj6X8DJ0eFyfszE0QiEd+iXmBvUP3WHxSjFH/vIsA0EN00cgr8w==",
      "engines": {
        "node": "*"
      }
    },
    "node_modules/moment-timezone": {
      "version": "0.5.38",
      "resolved": "https://registry.npmjs.org/moment-timezone/-/moment-timezone-0.5.38.tgz",
      "integrity": "sha512-nMIrzGah4+oYZPflDvLZUgoVUO4fvAqHstvG3xAUnMolWncuAiLDWNnJZj6EwJGMGfb1ZcuTFE6GI3hNOVWI/Q==",
      "dependencies": {
        "moment": ">= 2.9.0"
      },
      "engines": {
        "node": "*"
      }
    },
    "node_modules/object-assign": {
      "version": "4.1.1",
      "resolved": "https://registry.npmjs.org/object-assign/-/object-assign-4.1.1.tgz",
      "integrity": "sha512-rJgTQnkUnH1sFw8yT6VSU3zD3sWmu6sZhIseY8VX+GRu3P6F7Fu+JNDoXfklElbLJSnc3FUQHVe4cU5hj+BcUg==",
      "engines": {
        "node": ">=0.10.0"
      }
    },
    "node_modules/preact": {
      "version": "10.11.2",
      "resolved": "https://registry.npmjs.org/preact/-/preact-10.11.2.tgz",
      "integrity": "sha512-skAwGDFmgxhq1DCBHke/9e12ewkhc7WYwjuhHB8HHS8zkdtITXLRmUMTeol2ldxvLwYtwbFeifZ9uDDWuyL4Iw==",
      "funding": {
        "type": "opencollective",
        "url": "https://opencollective.com/preact"
      }
    },
    "node_modules/querystringify": {
      "version": "2.2.0",
      "resolved": "https://registry.npmjs.org/querystringify/-/querystringify-2.2.0.tgz",
      "integrity": "sha512-FIqgj2EUvTa7R50u0rGsyTftzjYmv/a3hO345bZNrqabNqjtgiDMgmo4mkUjd+nzU5oF3dClKqFIPUKybUyqoQ=="
    },
    "node_modules/simple-html-tokenizer": {
      "version": "0.1.1",
      "resolved": "https://registry.npmjs.org/simple-html-tokenizer/-/simple-html-tokenizer-0.1.1.tgz",
      "integrity": "sha512-Mc/gH3RvlKvB/gkp9XwgDKEWrSYyefIJPGG8Jk1suZms/rISdUuVEMx5O1WBnTWaScvxXDvGJrZQWblUmQHjkQ=="
    },
    "node_modules/sprintf-js": {
      "version": "1.1.2",
      "resolved": "https://registry.npmjs.org/sprintf-js/-/sprintf-js-1.1.2.tgz",
      "integrity": "sha512-VE0SOVEHCk7Qc8ulkWw3ntAzXuqf7S2lvwQaDLRnUeIEaKNQJzV6BwmLKhOqT61aGhfUMrXeaBk+oDGCzvhcug=="
    },
    "node_modules/svg-inline-loader": {
      "version": "0.8.2",
      "resolved": "https://registry.npmjs.org/svg-inline-loader/-/svg-inline-loader-0.8.2.tgz",
      "integrity": "sha512-kbrcEh5n5JkypaSC152eGfGcnT4lkR0eSfvefaUJkLqgGjRQJyKDvvEE/CCv5aTSdfXuc+N98w16iAojhShI3g==",
      "dependencies": {
        "loader-utils": "^1.1.0",
        "object-assign": "^4.0.1",
        "simple-html-tokenizer": "^0.1.1"
      }
    },
    "node_modules/timekit-booking": {
      "version": "3.0.19",
      "resolved": "https://registry.npmjs.org/timekit-booking/-/timekit-booking-3.0.19.tgz",
      "integrity": "sha512-tFKEbQGftKfWolvn+orzJ4KUiNqr4JWQr6uCvlY/RgaK1vO+4e71ZQAOZBL8wFZOK8nzadD/X5kvqSDpzYQo6w==",
      "dependencies": {
        "@fontsource/open-sans": "^4.5.11",
        "@fullcalendar/core": "^5.11.0",
        "@fullcalendar/daygrid": "^5.11.0",
        "@fullcalendar/interaction": "^5.11.0",
        "@fullcalendar/list": "^5.11.0",
        "@fullcalendar/moment": "^5.11.0",
        "@fullcalendar/timegrid": "^5.11.0",
        "json-stringify-safe": "^5.0.1",
        "lodash": "^4.17.21",
        "moment": "^2.29.3",
        "moment-timezone": "^0.5.34",
        "querystringify": "^2.2.0",
        "sprintf-js": "^1.1.2",
        "svg-inline-loader": "^0.8.2",
        "timekit-sdk": "^1.19.3"
      }
    },
    "node_modules/timekit-sdk": {
      "version": "1.19.3",
      "resolved": "https://registry.npmjs.org/timekit-sdk/-/timekit-sdk-1.19.3.tgz",
      "integrity": "sha512-zGOXHx8a3gvoajSh+0aNCR1TkElQqSihldSNPauk4s+rE3k2XqfKorsLvLkZfcnN4ufNqpZBn5ToiJJRnYAvSQ==",
      "dependencies": {
        "axios": "0.21.1",
        "base-64": "1.0.0",
        "deepmerge": "4.2.2",
        "es6-promise-promise": "^1.0.0",
        "humps": "^2.0.1"
      }
    },
    "node_modules/tslib": {
      "version": "2.4.1",
      "resolved": "https://registry.npmjs.org/tslib/-/tslib-2.4.1.tgz",
      "integrity": "sha512-tGyy4dAjRIEwI7BzsB0lynWgOpfqjUdq91XXAlIWD2OwKBH7oCl/GZG/HT4BOHrTlPMOASlMQ7veyTqpmRcrNA=="
    }
  },
  "dependencies": {
    "@fontsource/open-sans": {
      "version": "4.5.13",
      "resolved": "https://registry.npmjs.org/@fontsource/open-sans/-/open-sans-4.5.13.tgz",
      "integrity": "sha512-/UzqP7ZFk145XAq8KG4pvFPP7UQhtreDGXgqXZjagCDreKxcrhwn/x7DYz9rPcycWkLUVApIybcoczGZiM0cRg=="
    },
    "@fullcalendar/common": {
      "version": "5.11.3",
      "resolved": "https://registry.npmjs.org/@fullcalendar/common/-/common-5.11.3.tgz",
      "integrity": "sha512-welVwyfQOXQQGfDwBMSfYEPbiO1cPfUD+C7jd3ZoweJR+dSO11ddFugxIQ7dGfABAGZ63oq/+LW9FsmAJezVNg==",
      "requires": {
        "tslib": "^2.1.0"
      }
    },
    "@fullcalendar/core": {
      "version": "5.11.3",
      "resolved": "https://registry.npmjs.org/@fullcalendar/core/-/core-5.11.3.tgz",
      "integrity": "sha512-YUFxCvVJytUwFeXCx4J17kFMM7Ixwn9zBjVRw5NM2bMwgR6VAhSnlZc6yNQSOIy7Hj2TF0vDkO/4JNlTvxyAXw==",
      "requires": {
        "@fullcalendar/common": "~5.11.3",
        "preact": "^10.0.5",
        "tslib": "^2.1.0"
      }
    },
    "@fullcalendar/daygrid": {
      "version": "5.11.3",
      "resolved": "https://registry.npmjs.org/@fullcalendar/daygrid/-/daygrid-5.11.3.tgz",
      "integrity": "sha512-PCK0y80DRNCzWuC5lGpIWqCgKDvql1ah7rXql5lu+Gn2EeFj15ZQ8diMFjtNIQucEmFaNOXnR05Pgcry1n6Shg==",
      "requires": {
        "@fullcalendar/common": "~5.11.3",
        "tslib": "^2.1.0"
      }
    },
    "@fullcalendar/interaction": {
      "version": "5.11.3",
      "resolved": "https://registry.npmjs.org/@fullcalendar/interaction/-/interaction-5.11.3.tgz",
      "integrity": "sha512-L955wkDjza62K96ndstvYs2Fd4V0kayTDpqW8W7huFG3Ox8MutpLqKAa2SCaTvcNIlWS4oexGQRiQAaJG7u47A==",
      "requires": {
        "@fullcalendar/common": "~5.11.3",
        "tslib": "^2.1.0"
      }
    },
    "@fullcalendar/list": {
      "version": "5.11.3",
      "resolved": "https://registry.npmjs.org/@fullcalendar/list/-/list-5.11.3.tgz",
      "integrity": "sha512-6m9rJPzB5XfJZg+MlgVpha1cI3NUDeyV3GOmojJWZuti05NfDP4f0lzFUul8W7m1DQcjGS2UPRNE8HouA3guEA==",
      "requires": {
        "@fullcalendar/common": "~5.11.3",
        "tslib": "^2.1.0"
      }
    },
    "@fullcalendar/moment": {
      "version": "5.11.3",
      "resolved": "https://registry.npmjs.org/@fullcalendar/moment/-/moment-5.11.3.tgz",
      "integrity": "sha512-XYvqG/TbO4zUv0vZtqD5oynwH+j9a6ALH6aL6DQ24pi5fYfJyK+DBknjHiXZcCx00McHzfmad2+7jgb1Zf5QUg==",
      "requires": {
        "@fullcalendar/common": "~5.11.3",
        "tslib": "^2.1.0"
      }
    },
    "@fullcalendar/timegrid": {
      "version": "5.11.3",
      "resolved": "https://registry.npmjs.org/@fullcalendar/timegrid/-/timegrid-5.11.3.tgz",
      "integrity": "sha512-SjIj2ZQ7nTyL1RxZkCPvNbuUQ0xHT+gfYJdUL3FT4bPjPJCxWtQ2CL8hxaeNmVozYYuy0yrGTW5Oup2+9IplbA==",
      "requires": {
        "@fullcalendar/common": "~5.11.3",
        "@fullcalendar/daygrid": "~5.11.3",
        "tslib": "^2.1.0"
      }
    },
    "axios": {
      "version": "0.21.1",
      "resolved": "https://registry.npmjs.org/axios/-/axios-0.21.1.tgz",
      "integrity": "sha512-dKQiRHxGD9PPRIUNIWvZhPTPpl1rf/OxTYKsqKUDjBwYylTvV7SjSHJb9ratfyzM6wCdLCOYLzs73qpg5c4iGA==",
      "requires": {
        "follow-redirects": "^1.10.0"
      }
    },
    "base-64": {
      "version": "1.0.0",
      "resolved": "https://registry.npmjs.org/base-64/-/base-64-1.0.0.tgz",
      "integrity": "sha512-kwDPIFCGx0NZHog36dj+tHiwP4QMzsZ3AgMViUBKI0+V5n4U0ufTCUMhnQ04diaRI8EX/QcPfql7zlhZ7j4zgg=="
    },
    "big.js": {
      "version": "5.2.2",
      "resolved": "https://registry.npmjs.org/big.js/-/big.js-5.2.2.tgz",
      "integrity": "sha512-vyL2OymJxmarO8gxMr0mhChsO9QGwhynfuu4+MHTAW6czfq9humCB7rKpUjDd9YUiDPU4mzpyupFSvOClAwbmQ=="
    },
    "deepmerge": {
      "version": "4.2.2",
      "resolved": "https://registry.npmjs.org/deepmerge/-/deepmerge-4.2.2.tgz",
      "integrity": "sha512-FJ3UgI4gIl+PHZm53knsuSFpE+nESMr7M4v9QcgB7S63Kj/6WqMiFQJpBBYz1Pt+66bZpP3Q7Lye0Oo9MPKEdg=="
    },
    "emojis-list": {
      "version": "3.0.0",
      "resolved": "https://registry.npmjs.org/emojis-list/-/emojis-list-3.0.0.tgz",
      "integrity": "sha512-/kyM18EfinwXZbno9FyUGeFh87KC8HRQBQGildHZbEuRyWFOmv1U10o9BBp8XVZDVNNuQKyIGIu5ZYAAXJ0V2Q=="
    },
    "es6-promise": {
      "version": "3.3.1",
      "resolved": "https://registry.npmjs.org/es6-promise/-/es6-promise-3.3.1.tgz",
      "integrity": "sha512-SOp9Phqvqn7jtEUxPWdWfWoLmyt2VaJ6MpvP9Comy1MceMXqE6bxvaTu4iaxpYYPzhny28Lc+M87/c2cPK6lDg=="
    },
    "es6-promise-promise": {
      "version": "1.0.0",
      "resolved": "https://registry.npmjs.org/es6-promise-promise/-/es6-promise-promise-1.0.0.tgz",
      "integrity": "sha512-+Y7JJ8d0QIvQyLLmCULjUGPTg1CctpyEIMtGS+AE/xx9Rr0iqJi3heJYYRSucwOp7ngAAOi/GMKakAIAP79qRQ==",
      "requires": {
        "es6-promise": "^3.2.1"
      }
    },
    "follow-redirects": {
      "version": "1.15.2",
      "resolved": "https://registry.npmjs.org/follow-redirects/-/follow-redirects-1.15.2.tgz",
      "integrity": "sha512-VQLG33o04KaQ8uYi2tVNbdrWp1QWxNNea+nmIB4EVM28v0hmP17z7aG1+wAkNzVq4KeXTq3221ye5qTJP91JwA=="
    },
    "humps": {
      "version": "2.0.1",
      "resolved": "https://registry.npmjs.org/humps/-/humps-2.0.1.tgz",
      "integrity": "sha512-E0eIbrFWUhwfXJmsbdjRQFQPrl5pTEoKlz163j1mTqqUnU9PgR4AgB8AIITzuB3vLBdxZXyZ9TDIrwB2OASz4g=="
    },
    "json-stringify-safe": {
      "version": "5.0.1",
      "resolved": "https://registry.npmjs.org/json-stringify-safe/-/json-stringify-safe-5.0.1.tgz",
      "integrity": "sha512-ZClg6AaYvamvYEE82d3Iyd3vSSIjQ+odgjaTzRuO3s7toCdFKczob2i0zCh7JE8kWn17yvAWhUVxvqGwUalsRA=="
    },
    "json5": {
      "version": "1.0.1",
      "resolved": "https://registry.npmjs.org/json5/-/json5-1.0.1.tgz",
      "integrity": "sha512-aKS4WQjPenRxiQsC93MNfjx+nbF4PAdYzmd/1JIj8HYzqfbu86beTuNgXDzPknWk0n0uARlyewZo4s++ES36Ow==",
      "requires": {
        "minimist": "^1.2.0"
      }
    },
    "loader-utils": {
      "version": "1.4.1",
      "resolved": "https://registry.npmjs.org/loader-utils/-/loader-utils-1.4.1.tgz",
      "integrity": "sha512-1Qo97Y2oKaU+Ro2xnDMR26g1BwMT29jNbem1EvcujW2jqt+j5COXyscjM7bLQkM9HaxI7pkWeW7gnI072yMI9Q==",
      "requires": {
        "big.js": "^5.2.2",
        "emojis-list": "^3.0.0",
        "json5": "^1.0.1"
      }
    },
    "lodash": {
      "version": "4.17.21",
      "resolved": "https://registry.npmjs.org/lodash/-/lodash-4.17.21.tgz",
      "integrity": "sha512-v2kDEe57lecTulaDIuNTPy3Ry4gLGJ6Z1O3vE1krgXZNrsQ+LFTGHVxVjcXPs17LhbZVGedAJv8XZ1tvj5FvSg=="
    },
    "minimist": {
      "version": "1.2.7",
      "resolved": "https://registry.npmjs.org/minimist/-/minimist-1.2.7.tgz",
      "integrity": "sha512-bzfL1YUZsP41gmu/qjrEk0Q6i2ix/cVeAhbCbqH9u3zYutS1cLg00qhrD0M2MVdCcx4Sc0UpP2eBWo9rotpq6g=="
    },
    "moment": {
      "version": "2.29.4",
      "resolved": "https://registry.npmjs.org/moment/-/moment-2.29.4.tgz",
      "integrity": "sha512-5LC9SOxjSc2HF6vO2CyuTDNivEdoz2IvyJJGj6X8DJ0eFyfszE0QiEd+iXmBvUP3WHxSjFH/vIsA0EN00cgr8w=="
    },
    "moment-timezone": {
      "version": "0.5.38",
      "resolved": "https://registry.npmjs.org/moment-timezone/-/moment-timezone-0.5.38.tgz",
      "integrity": "sha512-nMIrzGah4+oYZPflDvLZUgoVUO4fvAqHstvG3xAUnMolWncuAiLDWNnJZj6EwJGMGfb1ZcuTFE6GI3hNOVWI/Q==",
      "requires": {
        "moment": ">= 2.9.0"
      }
    },
    "object-assign": {
      "version": "4.1.1",
      "resolved": "https://registry.npmjs.org/object-assign/-/object-assign-4.1.1.tgz",
      "integrity": "sha512-rJgTQnkUnH1sFw8yT6VSU3zD3sWmu6sZhIseY8VX+GRu3P6F7Fu+JNDoXfklElbLJSnc3FUQHVe4cU5hj+BcUg=="
    },
    "preact": {
      "version": "10.11.2",
      "resolved": "https://registry.npmjs.org/preact/-/preact-10.11.2.tgz",
      "integrity": "sha512-skAwGDFmgxhq1DCBHke/9e12ewkhc7WYwjuhHB8HHS8zkdtITXLRmUMTeol2ldxvLwYtwbFeifZ9uDDWuyL4Iw=="
    },
    "querystringify": {
      "version": "2.2.0",
      "resolved": "https://registry.npmjs.org/querystringify/-/querystringify-2.2.0.tgz",
      "integrity": "sha512-FIqgj2EUvTa7R50u0rGsyTftzjYmv/a3hO345bZNrqabNqjtgiDMgmo4mkUjd+nzU5oF3dClKqFIPUKybUyqoQ=="
    },
    "simple-html-tokenizer": {
      "version": "0.1.1",
      "resolved": "https://registry.npmjs.org/simple-html-tokenizer/-/simple-html-tokenizer-0.1.1.tgz",
      "integrity": "sha512-Mc/gH3RvlKvB/gkp9XwgDKEWrSYyefIJPGG8Jk1suZms/rISdUuVEMx5O1WBnTWaScvxXDvGJrZQWblUmQHjkQ=="
    },
    "sprintf-js": {
      "version": "1.1.2",
      "resolved": "https://registry.npmjs.org/sprintf-js/-/sprintf-js-1.1.2.tgz",
      "integrity": "sha512-VE0SOVEHCk7Qc8ulkWw3ntAzXuqf7S2lvwQaDLRnUeIEaKNQJzV6BwmLKhOqT61aGhfUMrXeaBk+oDGCzvhcug=="
    },
    "svg-inline-loader": {
      "version": "0.8.2",
      "resolved": "https://registry.npmjs.org/svg-inline-loader/-/svg-inline-loader-0.8.2.tgz",
      "integrity": "sha512-kbrcEh5n5JkypaSC152eGfGcnT4lkR0eSfvefaUJkLqgGjRQJyKDvvEE/CCv5aTSdfXuc+N98w16iAojhShI3g==",
      "requires": {
        "loader-utils": "^1.1.0",
        "object-assign": "^4.0.1",
        "simple-html-tokenizer": "^0.1.1"
      }
    },
    "timekit-booking": {
      "version": "3.0.19",
      "resolved": "https://registry.npmjs.org/timekit-booking/-/timekit-booking-3.0.19.tgz",
      "integrity": "sha512-tFKEbQGftKfWolvn+orzJ4KUiNqr4JWQr6uCvlY/RgaK1vO+4e71ZQAOZBL8wFZOK8nzadD/X5kvqSDpzYQo6w==",
      "requires": {
        "@fontsource/open-sans": "^4.5.11",
        "@fullcalendar/core": "^5.11.0",
        "@fullcalendar/daygrid": "^5.11.0",
        "@fullcalendar/interaction": "^5.11.0",
        "@fullcalendar/list": "^5.11.0",
        "@fullcalendar/moment": "^5.11.0",
        "@fullcalendar/timegrid": "^5.11.0",
        "json-stringify-safe": "^5.0.1",
        "lodash": "^4.17.21",
        "moment": "^2.29.3",
        "moment-timezone": "^0.5.34",
        "querystringify": "^2.2.0",
        "sprintf-js": "^1.1.2",
        "svg-inline-loader": "^0.8.2",
        "timekit-sdk": "^1.19.3"
      }
    },
    "timekit-sdk": {
      "version": "1.19.3",
      "resolved": "https://registry.npmjs.org/timekit-sdk/-/timekit-sdk-1.19.3.tgz",
      "integrity": "sha512-zGOXHx8a3gvoajSh+0aNCR1TkElQqSihldSNPauk4s+rE3k2XqfKorsLvLkZfcnN4ufNqpZBn5ToiJJRnYAvSQ==",
      "requires": {
        "axios": "0.21.1",
        "base-64": "1.0.0",
        "deepmerge": "4.2.2",
        "es6-promise-promise": "^1.0.0",
        "humps": "^2.0.1"
      }
    },
    "tslib": {
      "version": "2.4.1",
      "resolved": "https://registry.npmjs.org/tslib/-/tslib-2.4.1.tgz",
      "integrity": "sha512-tGyy4dAjRIEwI7BzsB0lynWgOpfqjUdq91XXAlIWD2OwKBH7oCl/GZG/HT4BOHrTlPMOASlMQ7veyTqpmRcrNA=="
    }
  }
}
